
Microsoft Visual Studio Solution File, Format Version 12.00
# Visual Studio Version 17
VisualStudioVersion = 17.3.32922.545
MinimumVisualStudioVersion = 10.0.40219.1
Project("{8BC9CEB8-8B4A-11D0-8D11-00A0C91BC942}") = "lab8.2", "lab8.2.vcxproj", "{C624FA24-ECEA-4DE8-944D-A3623F55D2D6}"
EndProject
Project("{8BC9CEB8-8B4A-11D0-8D11-00A0C91BC942}") = "UnitTest1", "UnitTest1\UnitTest1.vcxproj", "{8C6D450C-4762-4680-93A3-1F443080D731}"
EndProject
Global
	GlobalSection(SolutionConfigurationPlatforms) = preSolution
		Debug|x64 = Debug|x64
		Debug|x86 = Debug|x86
		Release|x64 = Release|x64
		Release|x86 = Release|x86
	EndGlobalSection
	GlobalSection(ProjectConfigurationPlatforms) = postSolution
		{C624FA24-ECEA-4DE8-944D-A3623F55D2D6}.Debug|x64.ActiveCfg = Debug|x64
		{C624FA24-ECEA-4DE8-944D-A3623F55D2D6}.Debug|x64.Build.0 = Debug|x64
		{C624FA24-ECEA-4DE8-944D-A3623F55D2D6}.Debug|x86.ActiveCfg = Debug|Win32
		{C624FA24-ECEA-4DE8-944D-A3623F55D2D6}.Debug|x86.Build.0 = Debug|Win32
		{C624FA24-ECEA-4DE8-944D-A3623F55D2D6}.Release|x64.ActiveCfg = Release|x64
		{C624FA24-ECEA-4DE8-944D-A3623F55D2D6}.Release|x64.Build.0 = Release|x64
		{C624FA24-ECEA-4DE8-944D-A3623F55D2D6}.Release|x86.ActiveCfg = Release|Win32
		{C624FA24-ECEA-4DE8-944D-A3623F55D2D6}.Release|x86.Build.0 = Release|Win32
		{8C6D450C-4762-4680-93A3-1F443080D731}.Debug|x64.ActiveCfg = Debug|x64
		{8C6D450C-4762-4680-93A3-1F443080D731}.Debug|x64.Build.0 = Debug|x64
		{8C6D450C-4762-4680-93A3-1F443080D731}.Debug|x86.ActiveCfg = Debug|Win32
		{8C6D450C-4762-4680-93A3-1F443080D731}.Debug|x86.Build.0 = Debug|Win32
		{8C6D450C-4762-4680-93A3-1F443080D731}.Release|x64.ActiveCfg = Release|x64
		{8C6D450C-4762-4680-93A3-1F443080D731}.Release|x64.Build.0 = Release|x64
		{8C6D450C-4762-4680-93A3-1F443080D731}.Release|x86.ActiveCfg = Release|Win32
		{8C6D450C-4762-4680-93A3-1F443080D731}.Release|x86.Build.0 = Release|Win32
	EndGlobalSection
	GlobalSection(SolutionProperties) = preSolution
		HideSolutionNode = FALSE
	EndGlobalSection
	GlobalSection(ExtensibilityGlobals) = postSolution
		SolutionGuid = {75B3768D-A758-4ADB-91E1-1AD867711F98}
	EndGlobalSection
EndGlobal
